
Microsoft Visual Studio Solution File, Format Version 12.00
# Visual Studio Version 16
VisualStudioVersion = 16.0.31019.35
MinimumVisualStudioVersion = 10.0.40219.1
Project("{FAE04EC0-301F-11D3-BF4B-00C04F79EFBC}") = "LibraryManagement", "LibraryManagement\LibraryManagement.csproj", "{DB1FA485-211F-4672-BF63-7EB59D5BB4C8}"
EndProject
Global
	GlobalSection(SolutionConfigurationPlatforms) = preSolution
		Debug|Any CPU = Debug|Any CPU
		Release|Any CPU = Release|Any CPU
	EndGlobalSection
	GlobalSection(ProjectConfigurationPlatforms) = postSolution
		{DB1FA485-211F-4672-BF63-7EB59D5BB4C8}.Debug|Any CPU.ActiveCfg = Debug|Any CPU
		{DB1FA485-211F-4672-BF63-7EB59D5BB4C8}.Debug|Any CPU.Build.0 = Debug|Any CPU
		{DB1FA485-211F-4672-BF63-7EB59D5BB4C8}.Release|Any CPU.ActiveCfg = Release|Any CPU
		{DB1FA485-211F-4672-BF63-7EB59D5BB4C8}.Release|Any CPU.Build.0 = Release|Any CPU
	EndGlobalSection
	GlobalSection(SolutionProperties) = preSolution
		HideSolutionNode = FALSE
	EndGlobalSection
	GlobalSection(ExtensibilityGlobals) = postSolution
		SolutionGuid = {C58E6790-BBC6-428C-A1B3-26A6C7C2A264}
	EndGlobalSection
EndGlobal
